
Microsoft Visual Studio Solution File, Format Version 12.00
# Visual Studio 15
VisualStudioVersion = 15.0.28307.438
MinimumVisualStudioVersion = 10.0.40219.1
Project("{8BC9CEB8-8B4A-11D0-8D11-00A0C91BC942}") = "Volts", "Volts\Volts.vcxproj", "{867B6037-CB24-4127-AEE9-0CB76FFC36C0}"
EndProject
Global
	GlobalSection(SolutionConfigurationPlatforms) = preSolution
		Debug|ARM = Debug|ARM
		Debug|ARM64 = Debug|ARM64
		Debug|x64 = Debug|x64
		Debug|x86 = Debug|x86
		Release|ARM = Release|ARM
		Release|ARM64 = Release|ARM64
		Release|x64 = Release|x64
		Release|x86 = Release|x86
	EndGlobalSection
	GlobalSection(ProjectConfigurationPlatforms) = postSolution
		{867B6037-CB24-4127-AEE9-0CB76FFC36C0}.Debug|ARM.ActiveCfg = Debug|ARM
		{867B6037-CB24-4127-AEE9-0CB76FFC36C0}.Debug|ARM.Build.0 = Debug|ARM
		{867B6037-CB24-4127-AEE9-0CB76FFC36C0}.Debug|ARM.Deploy.0 = Debug|ARM
		{867B6037-CB24-4127-AEE9-0CB76FFC36C0}.Debug|ARM64.ActiveCfg = Debug|ARM64
		{867B6037-CB24-4127-AEE9-0CB76FFC36C0}.Debug|ARM64.Build.0 = Debug|ARM64
		{867B6037-CB24-4127-AEE9-0CB76FFC36C0}.Debug|ARM64.Deploy.0 = Debug|ARM64
		{867B6037-CB24-4127-AEE9-0CB76FFC36C0}.Debug|x64.ActiveCfg = Debug|x64
		{867B6037-CB24-4127-AEE9-0CB76FFC36C0}.Debug|x64.Build.0 = Debug|x64
		{867B6037-CB24-4127-AEE9-0CB76FFC36C0}.Debug|x64.Deploy.0 = Debug|x64
		{867B6037-CB24-4127-AEE9-0CB76FFC36C0}.Debug|x86.ActiveCfg = Debug|Win32
		{867B6037-CB24-4127-AEE9-0CB76FFC36C0}.Debug|x86.Build.0 = Debug|Win32
		{867B6037-CB24-4127-AEE9-0CB76FFC36C0}.Debug|x86.Deploy.0 = Debug|Win32
		{867B6037-CB24-4127-AEE9-0CB76FFC36C0}.Release|ARM.ActiveCfg = Release|ARM
		{867B6037-CB24-4127-AEE9-0CB76FFC36C0}.Release|ARM.Build.0 = Release|ARM
		{867B6037-CB24-4127-AEE9-0CB76FFC36C0}.Release|ARM.Deploy.0 = Release|ARM
		{867B6037-CB24-4127-AEE9-0CB76FFC36C0}.Release|ARM64.ActiveCfg = Release|ARM64
		{867B6037-CB24-4127-AEE9-0CB76FFC36C0}.Release|ARM64.Build.0 = Release|ARM64
		{867B6037-CB24-4127-AEE9-0CB76FFC36C0}.Release|ARM64.Deploy.0 = Release|ARM64
		{867B6037-CB24-4127-AEE9-0CB76FFC36C0}.Release|x64.ActiveCfg = Release|x64
		{867B6037-CB24-4127-AEE9-0CB76FFC36C0}.Release|x64.Build.0 = Release|x64
		{867B6037-CB24-4127-AEE9-0CB76FFC36C0}.Release|x64.Deploy.0 = Release|x64
		{867B6037-CB24-4127-AEE9-0CB76FFC36C0}.Release|x86.ActiveCfg = Release|Win32
		{867B6037-CB24-4127-AEE9-0CB76FFC36C0}.Release|x86.Build.0 = Release|Win32
		{867B6037-CB24-4127-AEE9-0CB76FFC36C0}.Release|x86.Deploy.0 = Release|Win32
	EndGlobalSection
	GlobalSection(SolutionProperties) = preSolution
		HideSolutionNode = FALSE
	EndGlobalSection
	GlobalSection(ExtensibilityGlobals) = postSolution
		SolutionGuid = {57E13176-3E7A-430F-B90D-10661E58654D}
	EndGlobalSection
EndGlobal
