// !$*UTF8*$!
{
	archiveVersion = 1;
	classes = {
	};
	objectVersion = 50;
	objects = {

/* Begin PBXBuildFile section */
		3F7F8EEF2278C7D300974F70 /* AppDelegate.m in Sources */ = {isa = PBXBuildFile; fileRef = 3F7F8EEE2278C7D300974F70 /* AppDelegate.m */; };
		3F7F8EF22278C7D300974F70 /* ViewController.m in Sources */ = {isa = PBXBuildFile; fileRef = 3F7F8EF12278C7D300974F70 /* ViewController.m */; };
		3F7F8EF42278C7D400974F70 /* Assets.xcassets in Resources */ = {isa = PBXBuildFile; fileRef = 3F7F8EF32278C7D400974F70 /* Assets.xcassets */; };
		3F7F8EF72278C7D400974F70 /* Main.storyboard in Resources */ = {isa = PBXBuildFile; fileRef = 3F7F8EF52278C7D400974F70 /* Main.storyboard */; };
		3F7F8EFA2278C7D400974F70 /* main.m in Sources */ = {isa = PBXBuildFile; fileRef = 3F7F8EF92278C7D400974F70 /* main.m */; };
		3F7F8F032278C9C000974F70 /* External.mm in Sources */ = {isa = PBXBuildFile; fileRef = 3F7F8F022278C9C000974F70 /* External.mm */; };
		3F7F8F08227B199600974F70 /* LogView.m in Sources */ = {isa = PBXBuildFile; fileRef = 3F7F8F07227B199600974F70 /* LogView.m */; };
/* End PBXBuildFile section */

/* Begin PBXFileReference section */
		3F7F8EEA2278C7D300974F70 /* Volts.app */ = {isa = PBXFileReference; explicitFileType = wrapper.application; includeInIndex = 0; path = Volts.app; sourceTree = BUILT_PRODUCTS_DIR; };
		3F7F8EED2278C7D300974F70 /* AppDelegate.h */ = {isa = PBXFileReference; lastKnownFileType = sourcecode.c.h; path = AppDelegate.h; sourceTree = "<group>"; };
		3F7F8EEE2278C7D300974F70 /* AppDelegate.m */ = {isa = PBXFileReference; lastKnownFileType = sourcecode.c.objc; path = AppDelegate.m; sourceTree = "<group>"; };
		3F7F8EF02278C7D300974F70 /* ViewController.h */ = {isa = PBXFileReference; lastKnownFileType = sourcecode.c.h; path = ViewController.h; sourceTree = "<group>"; };
		3F7F8EF12278C7D300974F70 /* ViewController.m */ = {isa = PBXFileReference; lastKnownFileType = sourcecode.c.objc; path = ViewController.m; sourceTree = "<group>"; };
		3F7F8EF32278C7D400974F70 /* Assets.xcassets */ = {isa = PBXFileReference; lastKnownFileType = folder.assetcatalog; path = Assets.xcassets; sourceTree = "<group>"; };
		3F7F8EF62278C7D400974F70 /* Base */ = {isa = PBXFileReference; lastKnownFileType = file.storyboard; name = Base; path = Base.lproj/Main.storyboard; sourceTree = "<group>"; };
		3F7F8EF82278C7D400974F70 /* Info.plist */ = {isa = PBXFileReference; lastKnownFileType = text.plist.xml; path = Info.plist; sourceTree = "<group>"; };
		3F7F8EF92278C7D400974F70 /* main.m */ = {isa = PBXFileReference; lastKnownFileType = sourcecode.c.objc; path = main.m; sourceTree = "<group>"; };
		3F7F8EFB2278C7D400974F70 /* Volts.entitlements */ = {isa = PBXFileReference; lastKnownFileType = text.plist.entitlements; path = Volts.entitlements; sourceTree = "<group>"; };
		3F7F8F022278C9C000974F70 /* External.mm */ = {isa = PBXFileReference; lastKnownFileType = sourcecode.cpp.objcpp; path = External.mm; sourceTree = "<group>"; };
		3F7F8F052278C9D700974F70 /* External.h */ = {isa = PBXFileReference; lastKnownFileType = sourcecode.c.h; path = External.h; sourceTree = "<group>"; };
		3F7F8F06227B199600974F70 /* LogView.h */ = {isa = PBXFileReference; lastKnownFileType = sourcecode.c.h; path = LogView.h; sourceTree = "<group>"; };
		3F7F8F07227B199600974F70 /* LogView.m */ = {isa = PBXFileReference; lastKnownFileType = sourcecode.c.objc; path = LogView.m; sourceTree = "<group>"; };
/* End PBXFileReference section */

/* Begin PBXFrameworksBuildPhase section */
		3F7F8EE72278C7D300974F70 /* Frameworks */ = {
			isa = PBXFrameworksBuildPhase;
			buildActionMask = 2147483647;
			files = (
			);
			runOnlyForDeploymentPostprocessing = 0;
		};
/* End PBXFrameworksBuildPhase section */

/* Begin PBXGroup section */
		3F7F8EE12278C7D300974F70 = {
			isa = PBXGroup;
			children = (
				3F7F8EEC2278C7D300974F70 /* Volts */,
				3F7F8EEB2278C7D300974F70 /* Products */,
			);
			sourceTree = "<group>";
		};
		3F7F8EEB2278C7D300974F70 /* Products */ = {
			isa = PBXGroup;
			children = (
				3F7F8EEA2278C7D300974F70 /* Volts.app */,
			);
			name = Products;
			sourceTree = "<group>";
		};
		3F7F8EEC2278C7D300974F70 /* Volts */ = {
			isa = PBXGroup;
			children = (
				3F7F8F012278C9A500974F70 /* Interop */,
				3F7F8EED2278C7D300974F70 /* AppDelegate.h */,
				3F7F8EEE2278C7D300974F70 /* AppDelegate.m */,
				3F7F8EF02278C7D300974F70 /* ViewController.h */,
				3F7F8EF12278C7D300974F70 /* ViewController.m */,
				3F7F8EF32278C7D400974F70 /* Assets.xcassets */,
				3F7F8EF52278C7D400974F70 /* Main.storyboard */,
				3F7F8EF82278C7D400974F70 /* Info.plist */,
				3F7F8EF92278C7D400974F70 /* main.m */,
				3F7F8EFB2278C7D400974F70 /* Volts.entitlements */,
				3F7F8F06227B199600974F70 /* LogView.h */,
				3F7F8F07227B199600974F70 /* LogView.m */,
			);
			path = Volts;
			sourceTree = "<group>";
		};
		3F7F8F012278C9A500974F70 /* Interop */ = {
			isa = PBXGroup;
			children = (
				3F7F8F022278C9C000974F70 /* External.mm */,
				3F7F8F052278C9D700974F70 /* External.h */,
			);
			path = Interop;
			sourceTree = "<group>";
		};
/* End PBXGroup section */

/* Begin PBXNativeTarget section */
		3F7F8EE92278C7D300974F70 /* Volts */ = {
			isa = PBXNativeTarget;
			buildConfigurationList = 3F7F8EFE2278C7D400974F70 /* Build configuration list for PBXNativeTarget "Volts" */;
			buildPhases = (
				3F7F8EE62278C7D300974F70 /* Sources */,
				3F7F8EE72278C7D300974F70 /* Frameworks */,
				3F7F8EE82278C7D300974F70 /* Resources */,
			);
			buildRules = (
			);
			dependencies = (
			);
			name = Volts;
			productName = Volts;
			productReference = 3F7F8EEA2278C7D300974F70 /* Volts.app */;
			productType = "com.apple.product-type.application";
		};
/* End PBXNativeTarget section */

/* Begin PBXProject section */
		3F7F8EE22278C7D300974F70 /* Project object */ = {
			isa = PBXProject;
			attributes = {
				LastUpgradeCheck = 1020;
				ORGANIZATIONNAME = ApacheHB;
				TargetAttributes = {
					3F7F8EE92278C7D300974F70 = {
						CreatedOnToolsVersion = 10.2;
					};
				};
			};
			buildConfigurationList = 3F7F8EE52278C7D300974F70 /* Build configuration list for PBXProject "Volts" */;
			compatibilityVersion = "Xcode 9.3";
			developmentRegion = en;
			hasScannedForEncodings = 0;
			knownRegions = (
				en,
				Base,
			);
			mainGroup = 3F7F8EE12278C7D300974F70;
			productRefGroup = 3F7F8EEB2278C7D300974F70 /* Products */;
			projectDirPath = "";
			projectRoot = "";
			targets = (
				3F7F8EE92278C7D300974F70 /* Volts */,
			);
		};
/* End PBXProject section */

/* Begin PBXResourcesBuildPhase section */
		3F7F8EE82278C7D300974F70 /* Resources */ = {
			isa = PBXResourcesBuildPhase;
			buildActionMask = 2147483647;
			files = (
				3F7F8EF42278C7D400974F70 /* Assets.xcassets in Resources */,
				3F7F8EF72278C7D400974F70 /* Main.storyboard in Resources */,
			);
			runOnlyForDeploymentPostprocessing = 0;
		};
/* End PBXResourcesBuildPhase section */

/* Begin PBXSourcesBuildPhase section */
		3F7F8EE62278C7D300974F70 /* Sources */ = {
			isa = PBXSourcesBuildPhase;
			buildActionMask = 2147483647;
			files = (
				3F7F8F032278C9C000974F70 /* External.mm in Sources */,
				3F7F8F08227B199600974F70 /* LogView.m in Sources */,
				3F7F8EF22278C7D300974F70 /* ViewController.m in Sources */,
				3F7F8EFA2278C7D400974F70 /* main.m in Sources */,
				3F7F8EEF2278C7D300974F70 /* AppDelegate.m in Sources */,
			);
			runOnlyForDeploymentPostprocessing = 0;
		};
/* End PBXSourcesBuildPhase section */

/* Begin PBXVariantGroup section */
		3F7F8EF52278C7D400974F70 /* Main.storyboard */ = {
			isa = PBXVariantGroup;
			children = (
				3F7F8EF62278C7D400974F70 /* Base */,
			);
			name = Main.storyboard;
			sourceTree = "<group>";
		};
/* End PBXVariantGroup section */

/* Begin XCBuildConfiguration section */
		3F7F8EFC2278C7D400974F70 /* Debug */ = {
			isa = XCBuildConfiguration;
			buildSettings = {
				ALWAYS_SEARCH_USER_PATHS = NO;
				CLANG_ANALYZER_NONNULL = YES;
				CLANG_ANALYZER_NUMBER_OBJECT_CONVERSION = YES_AGGRESSIVE;
				CLANG_CXX_LANGUAGE_STANDARD = "gnu++14";
				CLANG_CXX_LIBRARY = "libc++";
				CLANG_ENABLE_MODULES = YES;
				CLANG_ENABLE_OBJC_ARC = YES;
				CLANG_ENABLE_OBJC_WEAK = YES;
				CLANG_WARN_BLOCK_CAPTURE_AUTORELEASING = YES;
				CLANG_WARN_BOOL_CONVERSION = YES;
				CLANG_WARN_COMMA = YES;
				CLANG_WARN_CONSTANT_CONVERSION = YES;
				CLANG_WARN_DEPRECATED_OBJC_IMPLEMENTATIONS = YES;
				CLANG_WARN_DIRECT_OBJC_ISA_USAGE = YES_ERROR;
				CLANG_WARN_DOCUMENTATION_COMMENTS = YES;
				CLANG_WARN_EMPTY_BODY = YES;
				CLANG_WARN_ENUM_CONVERSION = YES;
				CLANG_WARN_INFINITE_RECURSION = YES;
				CLANG_WARN_INT_CONVERSION = YES;
				CLANG_WARN_NON_LITERAL_NULL_CONVERSION = YES;
				CLANG_WARN_OBJC_IMPLICIT_RETAIN_SELF = YES;
				CLANG_WARN_OBJC_LITERAL_CONVERSION = YES;
				CLANG_WARN_OBJC_ROOT_CLASS = YES_ERROR;
				CLANG_WARN_RANGE_LOOP_ANALYSIS = YES;
				CLANG_WARN_STRICT_PROTOTYPES = YES;
				CLANG_WARN_SUSPICIOUS_MOVE = YES;
				CLANG_WARN_UNGUARDED_AVAILABILITY = YES_AGGRESSIVE;
				CLANG_WARN_UNREACHABLE_CODE = YES;
				CLANG_WARN__DUPLICATE_METHOD_MATCH = YES;
				CODE_SIGN_IDENTITY = "-";
				COPY_PHASE_STRIP = NO;
				DEBUG_INFORMATION_FORMAT = dwarf;
				ENABLE_STRICT_OBJC_MSGSEND = YES;
				ENABLE_TESTABILITY = YES;
				GCC_C_LANGUAGE_STANDARD = gnu11;
				GCC_DYNAMIC_NO_PIC = NO;
				GCC_NO_COMMON_BLOCKS = YES;
				GCC_OPTIMIZATION_LEVEL = 0;
				GCC_PREPROCESSOR_DEFINITIONS = (
					"DEBUG=1",
					"$(inherited)",
				);
				GCC_WARN_64_TO_32_BIT_CONVERSION = YES;
				GCC_WARN_ABOUT_RETURN_TYPE = YES_ERROR;
				GCC_WARN_UNDECLARED_SELECTOR = YES;
				GCC_WARN_UNINITIALIZED_AUTOS = YES_AGGRESSIVE;
				GCC_WARN_UNUSED_FUNCTION = YES;
				GCC_WARN_UNUSED_VARIABLE = YES;
				HEADER_SEARCH_PATHS = "${SRCROOT}/../../../../";
				MACOSX_DEPLOYMENT_TARGET = 10.14;
				MTL_ENABLE_DEBUG_INFO = INCLUDE_SOURCE;
				MTL_FAST_MATH = YES;
				ONLY_ACTIVE_ARCH = YES;
				SDKROOT = macosx;
			};
			name = Debug;
		};
		3F7F8EFD2278C7D400974F70 /* Release */ = {
			isa = XCBuildConfiguration;
			buildSettings = {
				ALWAYS_SEARCH_USER_PATHS = NO;
				CLANG_ANALYZER_NONNULL = YES;
				CLANG_ANALYZER_NUMBER_OBJECT_CONVERSION = YES_AGGRESSIVE;
				CLANG_CXX_LANGUAGE_STANDARD = "gnu++14";
				CLANG_CXX_LIBRARY = "libc++";
				CLANG_ENABLE_MODULES = YES;
				CLANG_ENABLE_OBJC_ARC = YES;
				CLANG_ENABLE_OBJC_WEAK = YES;
				CLANG_WARN_BLOCK_CAPTURE_AUTORELEASING = YES;
				CLANG_WARN_BOOL_CONVERSION = YES;
				CLANG_WARN_COMMA = YES;
				CLANG_WARN_CONSTANT_CONVERSION = YES;
				CLANG_WARN_DEPRECATED_OBJC_IMPLEMENTATIONS = YES;
				CLANG_WARN_DIRECT_OBJC_ISA_USAGE = YES_ERROR;
				CLANG_WARN_DOCUMENTATION_COMMENTS = YES;
				CLANG_WARN_EMPTY_BODY = YES;
				CLANG_WARN_ENUM_CONVERSION = YES;
				CLANG_WARN_INFINITE_RECURSION = YES;
				CLANG_WARN_INT_CONVERSION = YES;
				CLANG_WARN_NON_LITERAL_NULL_CONVERSION = YES;
				CLANG_WARN_OBJC_IMPLICIT_RETAIN_SELF = YES;
				CLANG_WARN_OBJC_LITERAL_CONVERSION = YES;
				CLANG_WARN_OBJC_ROOT_CLASS = YES_ERROR;
				CLANG_WARN_RANGE_LOOP_ANALYSIS = YES;
				CLANG_WARN_STRICT_PROTOTYPES = YES;
				CLANG_WARN_SUSPICIOUS_MOVE = YES;
				CLANG_WARN_UNGUARDED_AVAILABILITY = YES_AGGRESSIVE;
				CLANG_WARN_UNREACHABLE_CODE = YES;
				CLANG_WARN__DUPLICATE_METHOD_MATCH = YES;
				CODE_SIGN_IDENTITY = "-";
				COPY_PHASE_STRIP = NO;
				DEBUG_INFORMATION_FORMAT = "dwarf-with-dsym";
				ENABLE_NS_ASSERTIONS = NO;
				ENABLE_STRICT_OBJC_MSGSEND = YES;
				GCC_C_LANGUAGE_STANDARD = gnu11;
				GCC_NO_COMMON_BLOCKS = YES;
				GCC_WARN_64_TO_32_BIT_CONVERSION = YES;
				GCC_WARN_ABOUT_RETURN_TYPE = YES_ERROR;
				GCC_WARN_UNDECLARED_SELECTOR = YES;
				GCC_WARN_UNINITIALIZED_AUTOS = YES_AGGRESSIVE;
				GCC_WARN_UNUSED_FUNCTION = YES;
				GCC_WARN_UNUSED_VARIABLE = YES;
				HEADER_SEARCH_PATHS = "${SRCROOT}/../../../../";
				MACOSX_DEPLOYMENT_TARGET = 10.14;
				MTL_ENABLE_DEBUG_INFO = NO;
				MTL_FAST_MATH = YES;
				SDKROOT = macosx;
			};
			name = Release;
		};
		3F7F8EFF2278C7D400974F70 /* Debug */ = {
			isa = XCBuildConfiguration;
			buildSettings = {
				ASSETCATALOG_COMPILER_APPICON_NAME = AppIcon;
				CODE_SIGN_ENTITLEMENTS = Volts/Volts.entitlements;
				CODE_SIGN_STYLE = Automatic;
				COMBINE_HIDPI_IMAGES = YES;
				INFOPLIST_FILE = Volts/Info.plist;
				LD_RUNPATH_SEARCH_PATHS = (
					"$(inherited)",
					"@executable_path/../Frameworks",
				);
				OTHER_LDFLAGS = (
					"${SRCROOT}/../../../../Build/subprojects/Cthulhu/libfs.a",
					"${SRCROOT}/../../../../Build/subprojects/Cthulhu/libmeta.a",
					"${SRCROOT}/../../../../Build/subprojects/Cthulhu/libcore.a",
					"${SRCROOT}/../../../../Build/libVoltLib.a",
				);
				PRODUCT_BUNDLE_IDENTIFIER = com.apachehb.Volts;
				PRODUCT_NAME = "$(TARGET_NAME)";
			};
			name = Debug;
		};
		3F7F8F002278C7D400974F70 /* Release */ = {
			isa = XCBuildConfiguration;
			buildSettings = {
				ASSETCATALOG_COMPILER_APPICON_NAME = AppIcon;
				CODE_SIGN_ENTITLEMENTS = Volts/Volts.entitlements;
				CODE_SIGN_STYLE = Automatic;
				COMBINE_HIDPI_IMAGES = YES;
				INFOPLIST_FILE = Volts/Info.plist;
				LD_RUNPATH_SEARCH_PATHS = (
					"$(inherited)",
					"@executable_path/../Frameworks",
				);
				OTHER_LDFLAGS = (
					"${SRCROOT}/../../../../Build/subprojects/Cthulhu/libfs.a",
					"${SRCROOT}/../../../../Build/subprojects/Cthulhu/libmeta.a",
					"${SRCROOT}/../../../../Build/subprojects/Cthulhu/libcore.a",
					"${SRCROOT}/../../../../Build/libVoltLib.a",
				);
				PRODUCT_BUNDLE_IDENTIFIER = com.apachehb.Volts;
				PRODUCT_NAME = "$(TARGET_NAME)";
			};
			name = Release;
		};
/* End XCBuildConfiguration section */

/* Begin XCConfigurationList section */
		3F7F8EE52278C7D300974F70 /* Build configuration list for PBXProject "Volts" */ = {
			isa = XCConfigurationList;
			buildConfigurations = (
				3F7F8EFC2278C7D400974F70 /* Debug */,
				3F7F8EFD2278C7D400974F70 /* Release */,
			);
			defaultConfigurationIsVisible = 0;
			defaultConfigurationName = Release;
		};
		3F7F8EFE2278C7D400974F70 /* Build configuration list for PBXNativeTarget "Volts" */ = {
			isa = XCConfigurationList;
			buildConfigurations = (
				3F7F8EFF2278C7D400974F70 /* Debug */,
				3F7F8F002278C7D400974F70 /* Release */,
			);
			defaultConfigurationIsVisible = 0;
			defaultConfigurationName = Release;
		};
/* End XCConfigurationList section */
	};
	rootObject = 3F7F8EE22278C7D300974F70 /* Project object */;
}
