// !$*UTF8*$!
{
	archiveVersion = 1;
	classes = {
	};
	objectVersion = 50;
	objects = {

/* Begin PBXBuildFile section */
		3F5DC357228D95D6003A8E04 /* AppDelegate.m in Sources */ = {isa = PBXBuildFile; fileRef = 3F5DC356228D95D6003A8E04 /* AppDelegate.m */; };
		3F5DC359228D95D8003A8E04 /* Assets.xcassets in Resources */ = {isa = PBXBuildFile; fileRef = 3F5DC358228D95D8003A8E04 /* Assets.xcassets */; };
		3F5DC35C228D95D8003A8E04 /* MainMenu.xib in Resources */ = {isa = PBXBuildFile; fileRef = 3F5DC35A228D95D8003A8E04 /* MainMenu.xib */; };
		3F5DC35F228D95D8003A8E04 /* main.m in Sources */ = {isa = PBXBuildFile; fileRef = 3F5DC35E228D95D8003A8E04 /* main.m */; };
		3F5DC368228D9B45003A8E04 /* GameView.m in Sources */ = {isa = PBXBuildFile; fileRef = 3F5DC367228D9B45003A8E04 /* GameView.m */; };
		3F8DCD68228DC9D700AD91F2 /* libvolt.a in Frameworks */ = {isa = PBXBuildFile; fileRef = 3F8DCD66228DC7F800AD91F2 /* libvolt.a */; };
/* End PBXBuildFile section */

/* Begin PBXFileReference section */
		3F5DC352228D95D6003A8E04 /* Volts.app */ = {isa = PBXFileReference; explicitFileType = wrapper.application; includeInIndex = 0; path = Volts.app; sourceTree = BUILT_PRODUCTS_DIR; };
		3F5DC355228D95D6003A8E04 /* AppDelegate.h */ = {isa = PBXFileReference; lastKnownFileType = sourcecode.c.h; path = AppDelegate.h; sourceTree = "<group>"; };
		3F5DC356228D95D6003A8E04 /* AppDelegate.m */ = {isa = PBXFileReference; lastKnownFileType = sourcecode.c.objc; path = AppDelegate.m; sourceTree = "<group>"; };
		3F5DC358228D95D8003A8E04 /* Assets.xcassets */ = {isa = PBXFileReference; lastKnownFileType = folder.assetcatalog; path = Assets.xcassets; sourceTree = "<group>"; };
		3F5DC35B228D95D8003A8E04 /* Base */ = {isa = PBXFileReference; lastKnownFileType = file.xib; name = Base; path = Base.lproj/MainMenu.xib; sourceTree = "<group>"; };
		3F5DC35D228D95D8003A8E04 /* Info.plist */ = {isa = PBXFileReference; lastKnownFileType = text.plist.xml; path = Info.plist; sourceTree = "<group>"; };
		3F5DC35E228D95D8003A8E04 /* main.m */ = {isa = PBXFileReference; lastKnownFileType = sourcecode.c.objc; path = main.m; sourceTree = "<group>"; };
		3F5DC360228D95D8003A8E04 /* Volts.entitlements */ = {isa = PBXFileReference; lastKnownFileType = text.plist.entitlements; path = Volts.entitlements; sourceTree = "<group>"; };
		3F5DC366228D9B45003A8E04 /* GameView.h */ = {isa = PBXFileReference; lastKnownFileType = sourcecode.c.h; path = GameView.h; sourceTree = "<group>"; };
		3F5DC367228D9B45003A8E04 /* GameView.m */ = {isa = PBXFileReference; lastKnownFileType = sourcecode.c.objc; path = GameView.m; sourceTree = "<group>"; };
		3F8DCD66228DC7F800AD91F2 /* libvolt.a */ = {isa = PBXFileReference; lastKnownFileType = archive.ar; name = libvolt.a; path = ../../../../Build/libvolt.a; sourceTree = "<group>"; };
/* End PBXFileReference section */

/* Begin PBXFrameworksBuildPhase section */
		3F5DC34F228D95D6003A8E04 /* Frameworks */ = {
			isa = PBXFrameworksBuildPhase;
			buildActionMask = 2147483647;
			files = (
				3F8DCD68228DC9D700AD91F2 /* libvolt.a in Frameworks */,
			);
			runOnlyForDeploymentPostprocessing = 0;
		};
/* End PBXFrameworksBuildPhase section */

/* Begin PBXGroup section */
		3F5DC349228D95D6003A8E04 = {
			isa = PBXGroup;
			children = (
				3F5DC354228D95D6003A8E04 /* Volts */,
				3F5DC353228D95D6003A8E04 /* Products */,
				3F8DCD65228DC7F800AD91F2 /* Frameworks */,
			);
			sourceTree = "<group>";
		};
		3F5DC353228D95D6003A8E04 /* Products */ = {
			isa = PBXGroup;
			children = (
				3F5DC352228D95D6003A8E04 /* Volts.app */,
			);
			name = Products;
			sourceTree = "<group>";
		};
		3F5DC354228D95D6003A8E04 /* Volts */ = {
			isa = PBXGroup;
			children = (
				3F5DC355228D95D6003A8E04 /* AppDelegate.h */,
				3F5DC356228D95D6003A8E04 /* AppDelegate.m */,
				3F5DC358228D95D8003A8E04 /* Assets.xcassets */,
				3F5DC35A228D95D8003A8E04 /* MainMenu.xib */,
				3F5DC35D228D95D8003A8E04 /* Info.plist */,
				3F5DC35E228D95D8003A8E04 /* main.m */,
				3F5DC360228D95D8003A8E04 /* Volts.entitlements */,
				3F5DC366228D9B45003A8E04 /* GameView.h */,
				3F5DC367228D9B45003A8E04 /* GameView.m */,
			);
			path = Volts;
			sourceTree = "<group>";
		};
		3F8DCD65228DC7F800AD91F2 /* Frameworks */ = {
			isa = PBXGroup;
			children = (
				3F8DCD66228DC7F800AD91F2 /* libvolt.a */,
			);
			name = Frameworks;
			sourceTree = "<group>";
		};
/* End PBXGroup section */

/* Begin PBXNativeTarget section */
		3F5DC351228D95D6003A8E04 /* Volts */ = {
			isa = PBXNativeTarget;
			buildConfigurationList = 3F5DC363228D95D8003A8E04 /* Build configuration list for PBXNativeTarget "Volts" */;
			buildPhases = (
				3F5DC34E228D95D6003A8E04 /* Sources */,
				3F5DC34F228D95D6003A8E04 /* Frameworks */,
				3F5DC350228D95D6003A8E04 /* Resources */,
			);
			buildRules = (
			);
			dependencies = (
			);
			name = Volts;
			productName = Volts;
			productReference = 3F5DC352228D95D6003A8E04 /* Volts.app */;
			productType = "com.apple.product-type.application";
		};
/* End PBXNativeTarget section */

/* Begin PBXProject section */
		3F5DC34A228D95D6003A8E04 /* Project object */ = {
			isa = PBXProject;
			attributes = {
				LastUpgradeCheck = 1020;
				ORGANIZATIONNAME = ApacheHB;
				TargetAttributes = {
					3F5DC351228D95D6003A8E04 = {
						CreatedOnToolsVersion = 10.2;
					};
				};
			};
			buildConfigurationList = 3F5DC34D228D95D6003A8E04 /* Build configuration list for PBXProject "Volts" */;
			compatibilityVersion = "Xcode 9.3";
			developmentRegion = en;
			hasScannedForEncodings = 0;
			knownRegions = (
				en,
				Base,
			);
			mainGroup = 3F5DC349228D95D6003A8E04;
			productRefGroup = 3F5DC353228D95D6003A8E04 /* Products */;
			projectDirPath = "";
			projectRoot = "";
			targets = (
				3F5DC351228D95D6003A8E04 /* Volts */,
			);
		};
/* End PBXProject section */

/* Begin PBXResourcesBuildPhase section */
		3F5DC350228D95D6003A8E04 /* Resources */ = {
			isa = PBXResourcesBuildPhase;
			buildActionMask = 2147483647;
			files = (
				3F5DC359228D95D8003A8E04 /* Assets.xcassets in Resources */,
				3F5DC35C228D95D8003A8E04 /* MainMenu.xib in Resources */,
			);
			runOnlyForDeploymentPostprocessing = 0;
		};
/* End PBXResourcesBuildPhase section */

/* Begin PBXSourcesBuildPhase section */
		3F5DC34E228D95D6003A8E04 /* Sources */ = {
			isa = PBXSourcesBuildPhase;
			buildActionMask = 2147483647;
			files = (
				3F5DC368228D9B45003A8E04 /* GameView.m in Sources */,
				3F5DC35F228D95D8003A8E04 /* main.m in Sources */,
				3F5DC357228D95D6003A8E04 /* AppDelegate.m in Sources */,
			);
			runOnlyForDeploymentPostprocessing = 0;
		};
/* End PBXSourcesBuildPhase section */

/* Begin PBXVariantGroup section */
		3F5DC35A228D95D8003A8E04 /* MainMenu.xib */ = {
			isa = PBXVariantGroup;
			children = (
				3F5DC35B228D95D8003A8E04 /* Base */,
			);
			name = MainMenu.xib;
			sourceTree = "<group>";
		};
/* End PBXVariantGroup section */

/* Begin XCBuildConfiguration section */
		3F5DC361228D95D8003A8E04 /* Debug */ = {
			isa = XCBuildConfiguration;
			buildSettings = {
				ALWAYS_SEARCH_USER_PATHS = NO;
				CLANG_ANALYZER_NONNULL = YES;
				CLANG_ANALYZER_NUMBER_OBJECT_CONVERSION = YES_AGGRESSIVE;
				CLANG_CXX_LANGUAGE_STANDARD = "c++17";
				CLANG_CXX_LIBRARY = "libc++";
				CLANG_ENABLE_MODULES = YES;
				CLANG_ENABLE_OBJC_ARC = YES;
				CLANG_ENABLE_OBJC_WEAK = YES;
				CLANG_WARN_BLOCK_CAPTURE_AUTORELEASING = YES;
				CLANG_WARN_BOOL_CONVERSION = YES;
				CLANG_WARN_COMMA = YES;
				CLANG_WARN_CONSTANT_CONVERSION = YES;
				CLANG_WARN_DEPRECATED_OBJC_IMPLEMENTATIONS = YES;
				CLANG_WARN_DIRECT_OBJC_ISA_USAGE = YES_ERROR;
				CLANG_WARN_DOCUMENTATION_COMMENTS = YES;
				CLANG_WARN_EMPTY_BODY = YES;
				CLANG_WARN_ENUM_CONVERSION = YES;
				CLANG_WARN_INFINITE_RECURSION = YES;
				CLANG_WARN_INT_CONVERSION = YES;
				CLANG_WARN_NON_LITERAL_NULL_CONVERSION = YES;
				CLANG_WARN_OBJC_IMPLICIT_RETAIN_SELF = YES;
				CLANG_WARN_OBJC_LITERAL_CONVERSION = YES;
				CLANG_WARN_OBJC_ROOT_CLASS = YES_ERROR;
				CLANG_WARN_RANGE_LOOP_ANALYSIS = YES;
				CLANG_WARN_STRICT_PROTOTYPES = YES;
				CLANG_WARN_SUSPICIOUS_MOVE = YES;
				CLANG_WARN_UNGUARDED_AVAILABILITY = YES_AGGRESSIVE;
				CLANG_WARN_UNREACHABLE_CODE = YES;
				CLANG_WARN__DUPLICATE_METHOD_MATCH = YES;
				CODE_SIGN_IDENTITY = "-";
				COPY_PHASE_STRIP = NO;
				DEBUG_INFORMATION_FORMAT = dwarf;
				ENABLE_STRICT_OBJC_MSGSEND = YES;
				ENABLE_TESTABILITY = YES;
				GCC_C_LANGUAGE_STANDARD = gnu11;
				GCC_DYNAMIC_NO_PIC = NO;
				GCC_NO_COMMON_BLOCKS = YES;
				GCC_OPTIMIZATION_LEVEL = 0;
				GCC_PREPROCESSOR_DEFINITIONS = (
					"DEBUG=1",
					"$(inherited)",
				);
				GCC_WARN_64_TO_32_BIT_CONVERSION = YES;
				GCC_WARN_ABOUT_RETURN_TYPE = YES_ERROR;
				GCC_WARN_UNDECLARED_SELECTOR = YES;
				GCC_WARN_UNINITIALIZED_AUTOS = YES_AGGRESSIVE;
				GCC_WARN_UNUSED_FUNCTION = YES;
				GCC_WARN_UNUSED_VARIABLE = YES;
				HEADER_SEARCH_PATHS = "$SRCROOT/../../../../**";
				LIBRARY_SEARCH_PATHS = "$SRCROOT/../../../../**";
				MACOSX_DEPLOYMENT_TARGET = 10.14;
				MTL_ENABLE_DEBUG_INFO = INCLUDE_SOURCE;
				MTL_FAST_MATH = YES;
				ONLY_ACTIVE_ARCH = YES;
				SDKROOT = macosx;
			};
			name = Debug;
		};
		3F5DC362228D95D8003A8E04 /* Release */ = {
			isa = XCBuildConfiguration;
			buildSettings = {
				ALWAYS_SEARCH_USER_PATHS = NO;
				CLANG_ANALYZER_NONNULL = YES;
				CLANG_ANALYZER_NUMBER_OBJECT_CONVERSION = YES_AGGRESSIVE;
				CLANG_CXX_LANGUAGE_STANDARD = "c++17";
				CLANG_CXX_LIBRARY = "libc++";
				CLANG_ENABLE_MODULES = YES;
				CLANG_ENABLE_OBJC_ARC = YES;
				CLANG_ENABLE_OBJC_WEAK = YES;
				CLANG_WARN_BLOCK_CAPTURE_AUTORELEASING = YES;
				CLANG_WARN_BOOL_CONVERSION = YES;
				CLANG_WARN_COMMA = YES;
				CLANG_WARN_CONSTANT_CONVERSION = YES;
				CLANG_WARN_DEPRECATED_OBJC_IMPLEMENTATIONS = YES;
				CLANG_WARN_DIRECT_OBJC_ISA_USAGE = YES_ERROR;
				CLANG_WARN_DOCUMENTATION_COMMENTS = YES;
				CLANG_WARN_EMPTY_BODY = YES;
				CLANG_WARN_ENUM_CONVERSION = YES;
				CLANG_WARN_INFINITE_RECURSION = YES;
				CLANG_WARN_INT_CONVERSION = YES;
				CLANG_WARN_NON_LITERAL_NULL_CONVERSION = YES;
				CLANG_WARN_OBJC_IMPLICIT_RETAIN_SELF = YES;
				CLANG_WARN_OBJC_LITERAL_CONVERSION = YES;
				CLANG_WARN_OBJC_ROOT_CLASS = YES_ERROR;
				CLANG_WARN_RANGE_LOOP_ANALYSIS = YES;
				CLANG_WARN_STRICT_PROTOTYPES = YES;
				CLANG_WARN_SUSPICIOUS_MOVE = YES;
				CLANG_WARN_UNGUARDED_AVAILABILITY = YES_AGGRESSIVE;
				CLANG_WARN_UNREACHABLE_CODE = YES;
				CLANG_WARN__DUPLICATE_METHOD_MATCH = YES;
				CODE_SIGN_IDENTITY = "-";
				COPY_PHASE_STRIP = NO;
				DEBUG_INFORMATION_FORMAT = "dwarf-with-dsym";
				ENABLE_NS_ASSERTIONS = NO;
				ENABLE_STRICT_OBJC_MSGSEND = YES;
				GCC_C_LANGUAGE_STANDARD = gnu11;
				GCC_NO_COMMON_BLOCKS = YES;
				GCC_WARN_64_TO_32_BIT_CONVERSION = YES;
				GCC_WARN_ABOUT_RETURN_TYPE = YES_ERROR;
				GCC_WARN_UNDECLARED_SELECTOR = YES;
				GCC_WARN_UNINITIALIZED_AUTOS = YES_AGGRESSIVE;
				GCC_WARN_UNUSED_FUNCTION = YES;
				GCC_WARN_UNUSED_VARIABLE = YES;
				HEADER_SEARCH_PATHS = "$SRCROOT/../../../../**";
				LIBRARY_SEARCH_PATHS = "$SRCROOT/../../../../**";
				MACOSX_DEPLOYMENT_TARGET = 10.14;
				MTL_ENABLE_DEBUG_INFO = NO;
				MTL_FAST_MATH = YES;
				SDKROOT = macosx;
			};
			name = Release;
		};
		3F5DC364228D95D8003A8E04 /* Debug */ = {
			isa = XCBuildConfiguration;
			buildSettings = {
				ASSETCATALOG_COMPILER_APPICON_NAME = AppIcon;
				CODE_SIGN_ENTITLEMENTS = Volts/Volts.entitlements;
				CODE_SIGN_STYLE = Automatic;
				COMBINE_HIDPI_IMAGES = YES;
				INFOPLIST_FILE = Volts/Info.plist;
				LD_RUNPATH_SEARCH_PATHS = (
					"$(inherited)",
					"@executable_path/../Frameworks",
				);
				OTHER_CPLUSPLUSFLAGS = "$(OTHER_CFLAGS)";
				PRODUCT_BUNDLE_IDENTIFIER = com.apachehb.Volts;
				PRODUCT_NAME = "$(TARGET_NAME)";
			};
			name = Debug;
		};
		3F5DC365228D95D8003A8E04 /* Release */ = {
			isa = XCBuildConfiguration;
			buildSettings = {
				ASSETCATALOG_COMPILER_APPICON_NAME = AppIcon;
				CODE_SIGN_ENTITLEMENTS = Volts/Volts.entitlements;
				CODE_SIGN_STYLE = Automatic;
				COMBINE_HIDPI_IMAGES = YES;
				INFOPLIST_FILE = Volts/Info.plist;
				LD_RUNPATH_SEARCH_PATHS = (
					"$(inherited)",
					"@executable_path/../Frameworks",
				);
				OTHER_CPLUSPLUSFLAGS = "$(OTHER_CFLAGS)";
				PRODUCT_BUNDLE_IDENTIFIER = com.apachehb.Volts;
				PRODUCT_NAME = "$(TARGET_NAME)";
			};
			name = Release;
		};
/* End XCBuildConfiguration section */

/* Begin XCConfigurationList section */
		3F5DC34D228D95D6003A8E04 /* Build configuration list for PBXProject "Volts" */ = {
			isa = XCConfigurationList;
			buildConfigurations = (
				3F5DC361228D95D8003A8E04 /* Debug */,
				3F5DC362228D95D8003A8E04 /* Release */,
			);
			defaultConfigurationIsVisible = 0;
			defaultConfigurationName = Release;
		};
		3F5DC363228D95D8003A8E04 /* Build configuration list for PBXNativeTarget "Volts" */ = {
			isa = XCConfigurationList;
			buildConfigurations = (
				3F5DC364228D95D8003A8E04 /* Debug */,
				3F5DC365228D95D8003A8E04 /* Release */,
			);
			defaultConfigurationIsVisible = 0;
			defaultConfigurationName = Release;
		};
/* End XCConfigurationList section */
	};
	rootObject = 3F5DC34A228D95D6003A8E04 /* Project object */;
}
